
Microsoft Visual Studio Solution File, Format Version 12.00
# Visual Studio Version 16
VisualStudioVersion = 16.0.30011.22
MinimumVisualStudioVersion = 10.0.40219.1
Project("{2150E333-8FDC-42A3-9474-1A3956D46DE8}") = "src", "src", "{FC722C34-0D51-4F86-9495-4AD528E20D86}"
EndProject
Project("{2150E333-8FDC-42A3-9474-1A3956D46DE8}") = "test", "test", "{50EAB7FC-810B-49C9-962F-0A3DB27D1504}"
EndProject
Project("{9A19103F-16F7-4668-BE54-9A1E7A4F7556}") = "Calculator.DataAccess", "src\Calculator.DataAccess\Calculator.DataAccess.csproj", "{37D1BA0A-6350-46C3-835F-1E009726E97F}"
EndProject
Project("{9A19103F-16F7-4668-BE54-9A1E7A4F7556}") = "Calculator.Models", "src\Calculator.Model\Calculator.Models.csproj", "{205046D9-75E9-49C2-8BA7-ABB8C19EDE10}"
EndProject
Project("{9A19103F-16F7-4668-BE54-9A1E7A4F7556}") = "Calculator.Server", "src\Calculator\Server\Calculator.Server.csproj", "{69650870-10D6-4F34-8C7A-169CF077D189}"
EndProject
Project("{9A19103F-16F7-4668-BE54-9A1E7A4F7556}") = "Calculator.Client", "src\Calculator\Client\Calculator.Client.csproj", "{76C4E02F-A941-4903-9873-2A5CB47EDC9A}"
EndProject
Project("{2150E333-8FDC-42A3-9474-1A3956D46DE8}") = "Calculator", "Calculator", "{6569D987-88EF-40B9-B98F-D46EEB9C91A0}"
EndProject
Project("{2150E333-8FDC-42A3-9474-1A3956D46DE8}") = "Client", "Client", "{50851502-1162-441E-B8B1-A9EC4811099D}"
EndProject
Project("{2150E333-8FDC-42A3-9474-1A3956D46DE8}") = "Server", "Server", "{6B6930AC-293A-44C2-B519-E4C57944021A}"
EndProject
Project("{9A19103F-16F7-4668-BE54-9A1E7A4F7556}") = "Calculator.DataAccess.Tests", "src\test\Calculator.DataAccess.Tests\Calculator.DataAccess.Tests.csproj", "{3AB21D38-4F1E-41B4-B825-BB709F9D310B}"
EndProject
Project("{9A19103F-16F7-4668-BE54-9A1E7A4F7556}") = "Calculator.BaseRepository", "src\Calculator.BaseRepository\Calculator.BaseRepository.csproj", "{559C5A4F-00A2-45DC-99E1-ACB1B62F4B13}"
EndProject
Project("{9A19103F-16F7-4668-BE54-9A1E7A4F7556}") = "Calculator.Repository", "src\Calculator.Repository\Calculator.Repository.csproj", "{B390EB14-6565-4339-87E9-DDFF331C7260}"
EndProject
Project("{9A19103F-16F7-4668-BE54-9A1E7A4F7556}") = "Calculator.Controls", "src\Calculator.Controls\Calculator.Controls.csproj", "{252C4D59-D817-4886-BEF8-32064F30D4CA}"
EndProject
Project("{9A19103F-16F7-4668-BE54-9A1E7A4F7556}") = "Calculator.TestUtilities", "src\test\Calculator.TestUtilities\Calculator.TestUtilities.csproj", "{4C450195-BBE1-403A-B632-EA4DF7B7A4FC}"
EndProject
Project("{2150E333-8FDC-42A3-9474-1A3956D46DE8}") = "Calculator.gRPC", "Calculator.gRPC", "{209C97D2-E136-4D02-9273-41DAA7B39A34}"
EndProject
Project("{9A19103F-16F7-4668-BE54-9A1E7A4F7556}") = "Calculator.gRPC.Base", "src\Calculator.gRPC\Calculator.gRPC.Base\Calculator.gRPC.Base.csproj", "{B1DD3A5D-BF43-44DB-B32C-120DD5C249E8}"
EndProject
Project("{9A19103F-16F7-4668-BE54-9A1E7A4F7556}") = "Calculator.gRPC.Protos", "src\Calculator.gRPC\Calculator.gRPC.Protos\Calculator.gRPC.Protos.csproj", "{9BCA0319-151E-4D73-8785-17582001C4A2}"
EndProject
Project("{9A19103F-16F7-4668-BE54-9A1E7A4F7556}") = "Calculator.gRPC.Web.Server", "src\Calculator.gRPC\Calculator.gRPC.Web\Server\Calculator.gRPC.Web.Server.csproj", "{A8AED96F-8CC5-40DD-A01B-C7B82C48FFB3}"
EndProject
Project("{9A19103F-16F7-4668-BE54-9A1E7A4F7556}") = "Calculator.gRPC.Web.Client", "src\Calculator.gRPC\Calculator.gRPC.Web\Client\Calculator.gRPC.Web.Client.csproj", "{AB8CE776-DA38-4284-B861-2F2A8F1A3CF2}"
EndProject
Project("{9A19103F-16F7-4668-BE54-9A1E7A4F7556}") = "Calculator.gRPC.Web.Shared", "src\Calculator.gRPC\Calculator.gRPC.Web\Shared\Calculator.gRPC.Web.Shared.csproj", "{77D64305-90DE-43C7-823B-636F3E91F3AB}"
EndProject
Project("{9A19103F-16F7-4668-BE54-9A1E7A4F7556}") = "Calculator.Workflow.Tests", "src\test\Calculator.Workflow.Tests\Calculator.Workflow.Tests.csproj", "{9C0F1924-6952-4AD3-ACC8-EBC95B1245B1}"
EndProject
Project("{9A19103F-16F7-4668-BE54-9A1E7A4F7556}") = "Calculator.Services", "src\Calculator.Services\Calculator.Services.csproj", "{ECA263F9-C9C0-492B-836D-836B3752960D}"
EndProject
Project("{2150E333-8FDC-42A3-9474-1A3956D46DE8}") = "docker-compose", "docker-compose", "{45355DE6-AF0E-4A5F-8D84-C3274D5B02BF}"
EndProject
Project("{2150E333-8FDC-42A3-9474-1A3956D46DE8}") = "MongoDB", "MongoDB", "{9DF9F4D9-F44D-4866-B17D-D5612E7012C0}"
	ProjectSection(SolutionItems) = preProject
		docker-compose-files\mongodb\docker-compose.yml = docker-compose-files\mongodb\docker-compose.yml
	EndProjectSection
EndProject
Project("{2150E333-8FDC-42A3-9474-1A3956D46DE8}") = "Elasticsearch+Kibana", "Elasticsearch+Kibana", "{26247A6C-BA63-4909-937A-45E295258077}"
	ProjectSection(SolutionItems) = preProject
		docker-compose-files\elastic\docker-compose.yml = docker-compose-files\elastic\docker-compose.yml
	EndProjectSection
EndProject
Global
	GlobalSection(SolutionConfigurationPlatforms) = preSolution
		Debug|Any CPU = Debug|Any CPU
		Release|Any CPU = Release|Any CPU
		Test|Any CPU = Test|Any CPU
	EndGlobalSection
	GlobalSection(ProjectConfigurationPlatforms) = postSolution
		{37D1BA0A-6350-46C3-835F-1E009726E97F}.Debug|Any CPU.ActiveCfg = Debug|Any CPU
		{37D1BA0A-6350-46C3-835F-1E009726E97F}.Debug|Any CPU.Build.0 = Debug|Any CPU
		{37D1BA0A-6350-46C3-835F-1E009726E97F}.Release|Any CPU.ActiveCfg = Release|Any CPU
		{37D1BA0A-6350-46C3-835F-1E009726E97F}.Release|Any CPU.Build.0 = Release|Any CPU
		{37D1BA0A-6350-46C3-835F-1E009726E97F}.Test|Any CPU.ActiveCfg = Test|Any CPU
		{37D1BA0A-6350-46C3-835F-1E009726E97F}.Test|Any CPU.Build.0 = Test|Any CPU
		{205046D9-75E9-49C2-8BA7-ABB8C19EDE10}.Debug|Any CPU.ActiveCfg = Debug|Any CPU
		{205046D9-75E9-49C2-8BA7-ABB8C19EDE10}.Debug|Any CPU.Build.0 = Debug|Any CPU
		{205046D9-75E9-49C2-8BA7-ABB8C19EDE10}.Release|Any CPU.ActiveCfg = Release|Any CPU
		{205046D9-75E9-49C2-8BA7-ABB8C19EDE10}.Release|Any CPU.Build.0 = Release|Any CPU
		{205046D9-75E9-49C2-8BA7-ABB8C19EDE10}.Test|Any CPU.ActiveCfg = Test|Any CPU
		{205046D9-75E9-49C2-8BA7-ABB8C19EDE10}.Test|Any CPU.Build.0 = Test|Any CPU
		{69650870-10D6-4F34-8C7A-169CF077D189}.Debug|Any CPU.ActiveCfg = Debug|Any CPU
		{69650870-10D6-4F34-8C7A-169CF077D189}.Debug|Any CPU.Build.0 = Debug|Any CPU
		{69650870-10D6-4F34-8C7A-169CF077D189}.Release|Any CPU.ActiveCfg = Release|Any CPU
		{69650870-10D6-4F34-8C7A-169CF077D189}.Release|Any CPU.Build.0 = Release|Any CPU
		{69650870-10D6-4F34-8C7A-169CF077D189}.Test|Any CPU.ActiveCfg = Test|Any CPU
		{69650870-10D6-4F34-8C7A-169CF077D189}.Test|Any CPU.Build.0 = Test|Any CPU
		{76C4E02F-A941-4903-9873-2A5CB47EDC9A}.Debug|Any CPU.ActiveCfg = Debug|Any CPU
		{76C4E02F-A941-4903-9873-2A5CB47EDC9A}.Debug|Any CPU.Build.0 = Debug|Any CPU
		{76C4E02F-A941-4903-9873-2A5CB47EDC9A}.Release|Any CPU.ActiveCfg = Release|Any CPU
		{76C4E02F-A941-4903-9873-2A5CB47EDC9A}.Release|Any CPU.Build.0 = Release|Any CPU
		{76C4E02F-A941-4903-9873-2A5CB47EDC9A}.Test|Any CPU.ActiveCfg = Test|Any CPU
		{76C4E02F-A941-4903-9873-2A5CB47EDC9A}.Test|Any CPU.Build.0 = Test|Any CPU
		{3AB21D38-4F1E-41B4-B825-BB709F9D310B}.Debug|Any CPU.ActiveCfg = Debug|Any CPU
		{3AB21D38-4F1E-41B4-B825-BB709F9D310B}.Debug|Any CPU.Build.0 = Debug|Any CPU
		{3AB21D38-4F1E-41B4-B825-BB709F9D310B}.Release|Any CPU.ActiveCfg = Release|Any CPU
		{3AB21D38-4F1E-41B4-B825-BB709F9D310B}.Release|Any CPU.Build.0 = Release|Any CPU
		{3AB21D38-4F1E-41B4-B825-BB709F9D310B}.Test|Any CPU.ActiveCfg = Test|Any CPU
		{3AB21D38-4F1E-41B4-B825-BB709F9D310B}.Test|Any CPU.Build.0 = Test|Any CPU
		{559C5A4F-00A2-45DC-99E1-ACB1B62F4B13}.Debug|Any CPU.ActiveCfg = Debug|Any CPU
		{559C5A4F-00A2-45DC-99E1-ACB1B62F4B13}.Debug|Any CPU.Build.0 = Debug|Any CPU
		{559C5A4F-00A2-45DC-99E1-ACB1B62F4B13}.Release|Any CPU.ActiveCfg = Release|Any CPU
		{559C5A4F-00A2-45DC-99E1-ACB1B62F4B13}.Release|Any CPU.Build.0 = Release|Any CPU
		{559C5A4F-00A2-45DC-99E1-ACB1B62F4B13}.Test|Any CPU.ActiveCfg = Test|Any CPU
		{559C5A4F-00A2-45DC-99E1-ACB1B62F4B13}.Test|Any CPU.Build.0 = Test|Any CPU
		{B390EB14-6565-4339-87E9-DDFF331C7260}.Debug|Any CPU.ActiveCfg = Debug|Any CPU
		{B390EB14-6565-4339-87E9-DDFF331C7260}.Debug|Any CPU.Build.0 = Debug|Any CPU
		{B390EB14-6565-4339-87E9-DDFF331C7260}.Release|Any CPU.ActiveCfg = Release|Any CPU
		{B390EB14-6565-4339-87E9-DDFF331C7260}.Release|Any CPU.Build.0 = Release|Any CPU
		{B390EB14-6565-4339-87E9-DDFF331C7260}.Test|Any CPU.ActiveCfg = Test|Any CPU
		{B390EB14-6565-4339-87E9-DDFF331C7260}.Test|Any CPU.Build.0 = Test|Any CPU
		{252C4D59-D817-4886-BEF8-32064F30D4CA}.Debug|Any CPU.ActiveCfg = Debug|Any CPU
		{252C4D59-D817-4886-BEF8-32064F30D4CA}.Debug|Any CPU.Build.0 = Debug|Any CPU
		{252C4D59-D817-4886-BEF8-32064F30D4CA}.Release|Any CPU.ActiveCfg = Release|Any CPU
		{252C4D59-D817-4886-BEF8-32064F30D4CA}.Release|Any CPU.Build.0 = Release|Any CPU
		{252C4D59-D817-4886-BEF8-32064F30D4CA}.Test|Any CPU.ActiveCfg = Test|Any CPU
		{252C4D59-D817-4886-BEF8-32064F30D4CA}.Test|Any CPU.Build.0 = Test|Any CPU
		{4C450195-BBE1-403A-B632-EA4DF7B7A4FC}.Debug|Any CPU.ActiveCfg = Debug|Any CPU
		{4C450195-BBE1-403A-B632-EA4DF7B7A4FC}.Debug|Any CPU.Build.0 = Debug|Any CPU
		{4C450195-BBE1-403A-B632-EA4DF7B7A4FC}.Release|Any CPU.ActiveCfg = Release|Any CPU
		{4C450195-BBE1-403A-B632-EA4DF7B7A4FC}.Release|Any CPU.Build.0 = Release|Any CPU
		{4C450195-BBE1-403A-B632-EA4DF7B7A4FC}.Test|Any CPU.ActiveCfg = Test|Any CPU
		{4C450195-BBE1-403A-B632-EA4DF7B7A4FC}.Test|Any CPU.Build.0 = Test|Any CPU
		{B1DD3A5D-BF43-44DB-B32C-120DD5C249E8}.Debug|Any CPU.ActiveCfg = Debug|Any CPU
		{B1DD3A5D-BF43-44DB-B32C-120DD5C249E8}.Debug|Any CPU.Build.0 = Debug|Any CPU
		{B1DD3A5D-BF43-44DB-B32C-120DD5C249E8}.Release|Any CPU.ActiveCfg = Release|Any CPU
		{B1DD3A5D-BF43-44DB-B32C-120DD5C249E8}.Release|Any CPU.Build.0 = Release|Any CPU
		{B1DD3A5D-BF43-44DB-B32C-120DD5C249E8}.Test|Any CPU.ActiveCfg = Debug|Any CPU
		{B1DD3A5D-BF43-44DB-B32C-120DD5C249E8}.Test|Any CPU.Build.0 = Debug|Any CPU
		{9BCA0319-151E-4D73-8785-17582001C4A2}.Debug|Any CPU.ActiveCfg = Debug|Any CPU
		{9BCA0319-151E-4D73-8785-17582001C4A2}.Debug|Any CPU.Build.0 = Debug|Any CPU
		{9BCA0319-151E-4D73-8785-17582001C4A2}.Release|Any CPU.ActiveCfg = Release|Any CPU
		{9BCA0319-151E-4D73-8785-17582001C4A2}.Release|Any CPU.Build.0 = Release|Any CPU
		{9BCA0319-151E-4D73-8785-17582001C4A2}.Test|Any CPU.ActiveCfg = Debug|Any CPU
		{9BCA0319-151E-4D73-8785-17582001C4A2}.Test|Any CPU.Build.0 = Debug|Any CPU
		{A8AED96F-8CC5-40DD-A01B-C7B82C48FFB3}.Debug|Any CPU.ActiveCfg = Debug|Any CPU
		{A8AED96F-8CC5-40DD-A01B-C7B82C48FFB3}.Debug|Any CPU.Build.0 = Debug|Any CPU
		{A8AED96F-8CC5-40DD-A01B-C7B82C48FFB3}.Release|Any CPU.ActiveCfg = Release|Any CPU
		{A8AED96F-8CC5-40DD-A01B-C7B82C48FFB3}.Release|Any CPU.Build.0 = Release|Any CPU
		{A8AED96F-8CC5-40DD-A01B-C7B82C48FFB3}.Test|Any CPU.ActiveCfg = Debug|Any CPU
		{A8AED96F-8CC5-40DD-A01B-C7B82C48FFB3}.Test|Any CPU.Build.0 = Debug|Any CPU
		{AB8CE776-DA38-4284-B861-2F2A8F1A3CF2}.Debug|Any CPU.ActiveCfg = Debug|Any CPU
		{AB8CE776-DA38-4284-B861-2F2A8F1A3CF2}.Debug|Any CPU.Build.0 = Debug|Any CPU
		{AB8CE776-DA38-4284-B861-2F2A8F1A3CF2}.Release|Any CPU.ActiveCfg = Release|Any CPU
		{AB8CE776-DA38-4284-B861-2F2A8F1A3CF2}.Release|Any CPU.Build.0 = Release|Any CPU
		{AB8CE776-DA38-4284-B861-2F2A8F1A3CF2}.Test|Any CPU.ActiveCfg = Debug|Any CPU
		{AB8CE776-DA38-4284-B861-2F2A8F1A3CF2}.Test|Any CPU.Build.0 = Debug|Any CPU
		{77D64305-90DE-43C7-823B-636F3E91F3AB}.Debug|Any CPU.ActiveCfg = Debug|Any CPU
		{77D64305-90DE-43C7-823B-636F3E91F3AB}.Debug|Any CPU.Build.0 = Debug|Any CPU
		{77D64305-90DE-43C7-823B-636F3E91F3AB}.Release|Any CPU.ActiveCfg = Release|Any CPU
		{77D64305-90DE-43C7-823B-636F3E91F3AB}.Release|Any CPU.Build.0 = Release|Any CPU
		{77D64305-90DE-43C7-823B-636F3E91F3AB}.Test|Any CPU.ActiveCfg = Debug|Any CPU
		{77D64305-90DE-43C7-823B-636F3E91F3AB}.Test|Any CPU.Build.0 = Debug|Any CPU
		{9C0F1924-6952-4AD3-ACC8-EBC95B1245B1}.Debug|Any CPU.ActiveCfg = Debug|Any CPU
		{9C0F1924-6952-4AD3-ACC8-EBC95B1245B1}.Debug|Any CPU.Build.0 = Debug|Any CPU
		{9C0F1924-6952-4AD3-ACC8-EBC95B1245B1}.Release|Any CPU.ActiveCfg = Release|Any CPU
		{9C0F1924-6952-4AD3-ACC8-EBC95B1245B1}.Release|Any CPU.Build.0 = Release|Any CPU
		{9C0F1924-6952-4AD3-ACC8-EBC95B1245B1}.Test|Any CPU.ActiveCfg = Debug|Any CPU
		{9C0F1924-6952-4AD3-ACC8-EBC95B1245B1}.Test|Any CPU.Build.0 = Debug|Any CPU
		{ECA263F9-C9C0-492B-836D-836B3752960D}.Debug|Any CPU.ActiveCfg = Debug|Any CPU
		{ECA263F9-C9C0-492B-836D-836B3752960D}.Debug|Any CPU.Build.0 = Debug|Any CPU
		{ECA263F9-C9C0-492B-836D-836B3752960D}.Release|Any CPU.ActiveCfg = Release|Any CPU
		{ECA263F9-C9C0-492B-836D-836B3752960D}.Release|Any CPU.Build.0 = Release|Any CPU
		{ECA263F9-C9C0-492B-836D-836B3752960D}.Test|Any CPU.ActiveCfg = Debug|Any CPU
		{ECA263F9-C9C0-492B-836D-836B3752960D}.Test|Any CPU.Build.0 = Debug|Any CPU
	EndGlobalSection
	GlobalSection(SolutionProperties) = preSolution
		HideSolutionNode = FALSE
	EndGlobalSection
	GlobalSection(NestedProjects) = preSolution
		{37D1BA0A-6350-46C3-835F-1E009726E97F} = {FC722C34-0D51-4F86-9495-4AD528E20D86}
		{205046D9-75E9-49C2-8BA7-ABB8C19EDE10} = {FC722C34-0D51-4F86-9495-4AD528E20D86}
		{69650870-10D6-4F34-8C7A-169CF077D189} = {6B6930AC-293A-44C2-B519-E4C57944021A}
		{76C4E02F-A941-4903-9873-2A5CB47EDC9A} = {50851502-1162-441E-B8B1-A9EC4811099D}
		{6569D987-88EF-40B9-B98F-D46EEB9C91A0} = {FC722C34-0D51-4F86-9495-4AD528E20D86}
		{50851502-1162-441E-B8B1-A9EC4811099D} = {6569D987-88EF-40B9-B98F-D46EEB9C91A0}
		{6B6930AC-293A-44C2-B519-E4C57944021A} = {6569D987-88EF-40B9-B98F-D46EEB9C91A0}
		{3AB21D38-4F1E-41B4-B825-BB709F9D310B} = {50EAB7FC-810B-49C9-962F-0A3DB27D1504}
		{559C5A4F-00A2-45DC-99E1-ACB1B62F4B13} = {FC722C34-0D51-4F86-9495-4AD528E20D86}
		{B390EB14-6565-4339-87E9-DDFF331C7260} = {FC722C34-0D51-4F86-9495-4AD528E20D86}
		{252C4D59-D817-4886-BEF8-32064F30D4CA} = {FC722C34-0D51-4F86-9495-4AD528E20D86}
		{4C450195-BBE1-403A-B632-EA4DF7B7A4FC} = {50EAB7FC-810B-49C9-962F-0A3DB27D1504}
		{209C97D2-E136-4D02-9273-41DAA7B39A34} = {FC722C34-0D51-4F86-9495-4AD528E20D86}
		{B1DD3A5D-BF43-44DB-B32C-120DD5C249E8} = {209C97D2-E136-4D02-9273-41DAA7B39A34}
		{9BCA0319-151E-4D73-8785-17582001C4A2} = {209C97D2-E136-4D02-9273-41DAA7B39A34}
		{A8AED96F-8CC5-40DD-A01B-C7B82C48FFB3} = {209C97D2-E136-4D02-9273-41DAA7B39A34}
		{AB8CE776-DA38-4284-B861-2F2A8F1A3CF2} = {209C97D2-E136-4D02-9273-41DAA7B39A34}
		{77D64305-90DE-43C7-823B-636F3E91F3AB} = {209C97D2-E136-4D02-9273-41DAA7B39A34}
		{9C0F1924-6952-4AD3-ACC8-EBC95B1245B1} = {50EAB7FC-810B-49C9-962F-0A3DB27D1504}
		{ECA263F9-C9C0-492B-836D-836B3752960D} = {FC722C34-0D51-4F86-9495-4AD528E20D86}
		{9DF9F4D9-F44D-4866-B17D-D5612E7012C0} = {45355DE6-AF0E-4A5F-8D84-C3274D5B02BF}
		{26247A6C-BA63-4909-937A-45E295258077} = {45355DE6-AF0E-4A5F-8D84-C3274D5B02BF}
	EndGlobalSection
	GlobalSection(ExtensibilityGlobals) = postSolution
		SolutionGuid = {FFF68CC2-B9AF-44FB-BC47-E58EF366FB3E}
	EndGlobalSection
EndGlobal
